// !$*UTF8*$!
{
	archiveVersion = 1;
	classes = {
	};
	objectVersion = 50;
	objects = {

/* Begin PBXBuildFile section */
		F0EDB470235E37E900BA26B0 /* AppDelegate.swift in Sources */ = {isa = PBXBuildFile; fileRef = F0EDB46F235E37E900BA26B0 /* AppDelegate.swift */; };
		F0EDB472235E37E900BA26B0 /* SceneDelegate.swift in Sources */ = {isa = PBXBuildFile; fileRef = F0EDB471235E37E900BA26B0 /* SceneDelegate.swift */; };
		F0EDB474235E37E900BA26B0 /* ViewController.swift in Sources */ = {isa = PBXBuildFile; fileRef = F0EDB473235E37E900BA26B0 /* ViewController.swift */; };
		F0EDB477235E37E900BA26B0 /* Main.storyboard in Resources */ = {isa = PBXBuildFile; fileRef = F0EDB475235E37E900BA26B0 /* Main.storyboard */; };
		F0EDB479235E37EB00BA26B0 /* Assets.xcassets in Resources */ = {isa = PBXBuildFile; fileRef = F0EDB478235E37EB00BA26B0 /* Assets.xcassets */; };
		F0EDB47C235E37EB00BA26B0 /* LaunchScreen.storyboard in Resources */ = {isa = PBXBuildFile; fileRef = F0EDB47A235E37EB00BA26B0 /* LaunchScreen.storyboard */; };
		F0EDB487235E37EB00BA26B0 /* MovieAppTests.swift in Sources */ = {isa = PBXBuildFile; fileRef = F0EDB486235E37EB00BA26B0 /* MovieAppTests.swift */; };
		F0EDB492235E37EB00BA26B0 /* MovieAppUITests.swift in Sources */ = {isa = PBXBuildFile; fileRef = F0EDB491235E37EB00BA26B0 /* MovieAppUITests.swift */; };
/* End PBXBuildFile section */

/* Begin PBXContainerItemProxy section */
		F0EDB483235E37EB00BA26B0 /* PBXContainerItemProxy */ = {
			isa = PBXContainerItemProxy;
			containerPortal = F0EDB464235E37E900BA26B0 /* Project object */;
			proxyType = 1;
			remoteGlobalIDString = F0EDB46B235E37E900BA26B0;
			remoteInfo = MovieApp;
		};
		F0EDB48E235E37EB00BA26B0 /* PBXContainerItemProxy */ = {
			isa = PBXContainerItemProxy;
			containerPortal = F0EDB464235E37E900BA26B0 /* Project object */;
			proxyType = 1;
			remoteGlobalIDString = F0EDB46B235E37E900BA26B0;
			remoteInfo = MovieApp;
		};
/* End PBXContainerItemProxy section */

/* Begin PBXFileReference section */
		F0EDB46C235E37E900BA26B0 /* MovieApp.app */ = {isa = PBXFileReference; explicitFileType = wrapper.application; includeInIndex = 0; path = MovieApp.app; sourceTree = BUILT_PRODUCTS_DIR; };
		F0EDB46F235E37E900BA26B0 /* AppDelegate.swift */ = {isa = PBXFileReference; lastKnownFileType = sourcecode.swift; path = AppDelegate.swift; sourceTree = "<group>"; };
		F0EDB471235E37E900BA26B0 /* SceneDelegate.swift */ = {isa = PBXFileReference; lastKnownFileType = sourcecode.swift; path = SceneDelegate.swift; sourceTree = "<group>"; };
		F0EDB473235E37E900BA26B0 /* ViewController.swift */ = {isa = PBXFileReference; lastKnownFileType = sourcecode.swift; path = ViewController.swift; sourceTree = "<group>"; };
		F0EDB476235E37E900BA26B0 /* Base */ = {isa = PBXFileReference; lastKnownFileType = file.storyboard; name = Base; path = Base.lproj/Main.storyboard; sourceTree = "<group>"; };
		F0EDB478235E37EB00BA26B0 /* Assets.xcassets */ = {isa = PBXFileReference; lastKnownFileType = folder.assetcatalog; path = Assets.xcassets; sourceTree = "<group>"; };
		F0EDB47B235E37EB00BA26B0 /* Base */ = {isa = PBXFileReference; lastKnownFileType = file.storyboard; name = Base; path = Base.lproj/LaunchScreen.storyboard; sourceTree = "<group>"; };
		F0EDB47D235E37EB00BA26B0 /* Info.plist */ = {isa = PBXFileReference; lastKnownFileType = text.plist.xml; path = Info.plist; sourceTree = "<group>"; };
		F0EDB482235E37EB00BA26B0 /* MovieAppTests.xctest */ = {isa = PBXFileReference; explicitFileType = wrapper.cfbundle; includeInIndex = 0; path = MovieAppTests.xctest; sourceTree = BUILT_PRODUCTS_DIR; };
		F0EDB486235E37EB00BA26B0 /* MovieAppTests.swift */ = {isa = PBXFileReference; lastKnownFileType = sourcecode.swift; path = MovieAppTests.swift; sourceTree = "<group>"; };
		F0EDB488235E37EB00BA26B0 /* Info.plist */ = {isa = PBXFileReference; lastKnownFileType = text.plist.xml; path = Info.plist; sourceTree = "<group>"; };
		F0EDB48D235E37EB00BA26B0 /* MovieAppUITests.xctest */ = {isa = PBXFileReference; explicitFileType = wrapper.cfbundle; includeInIndex = 0; path = MovieAppUITests.xctest; sourceTree = BUILT_PRODUCTS_DIR; };
		F0EDB491235E37EB00BA26B0 /* MovieAppUITests.swift */ = {isa = PBXFileReference; lastKnownFileType = sourcecode.swift; path = MovieAppUITests.swift; sourceTree = "<group>"; };
		F0EDB493235E37EB00BA26B0 /* Info.plist */ = {isa = PBXFileReference; lastKnownFileType = text.plist.xml; path = Info.plist; sourceTree = "<group>"; };
/* End PBXFileReference section */

/* Begin PBXFrameworksBuildPhase section */
		F0EDB469235E37E900BA26B0 /* Frameworks */ = {
			isa = PBXFrameworksBuildPhase;
			buildActionMask = 2147483647;
			files = (
			);
			runOnlyForDeploymentPostprocessing = 0;
		};
		F0EDB47F235E37EB00BA26B0 /* Frameworks */ = {
			isa = PBXFrameworksBuildPhase;
			buildActionMask = 2147483647;
			files = (
			);
			runOnlyForDeploymentPostprocessing = 0;
		};
		F0EDB48A235E37EB00BA26B0 /* Frameworks */ = {
			isa = PBXFrameworksBuildPhase;
			buildActionMask = 2147483647;
			files = (
			);
			runOnlyForDeploymentPostprocessing = 0;
		};
/* End PBXFrameworksBuildPhase section */

/* Begin PBXGroup section */
		F0EDB463235E37E900BA26B0 = {
			isa = PBXGroup;
			children = (
				F0EDB46E235E37E900BA26B0 /* MovieApp */,
				F0EDB485235E37EB00BA26B0 /* MovieAppTests */,
				F0EDB490235E37EB00BA26B0 /* MovieAppUITests */,
				F0EDB46D235E37E900BA26B0 /* Products */,
			);
			sourceTree = "<group>";
		};
		F0EDB46D235E37E900BA26B0 /* Products */ = {
			isa = PBXGroup;
			children = (
				F0EDB46C235E37E900BA26B0 /* MovieApp.app */,
				F0EDB482235E37EB00BA26B0 /* MovieAppTests.xctest */,
				F0EDB48D235E37EB00BA26B0 /* MovieAppUITests.xctest */,
			);
			name = Products;
			sourceTree = "<group>";
		};
		F0EDB46E235E37E900BA26B0 /* MovieApp */ = {
			isa = PBXGroup;
			children = (
				F0EDB46F235E37E900BA26B0 /* AppDelegate.swift */,
				F0EDB471235E37E900BA26B0 /* SceneDelegate.swift */,
				F0EDB473235E37E900BA26B0 /* ViewController.swift */,
				F0EDB475235E37E900BA26B0 /* Main.storyboard */,
				F0EDB478235E37EB00BA26B0 /* Assets.xcassets */,
				F0EDB47A235E37EB00BA26B0 /* LaunchScreen.storyboard */,
				F0EDB47D235E37EB00BA26B0 /* Info.plist */,
			);
			path = MovieApp;
			sourceTree = "<group>";
		};
		F0EDB485235E37EB00BA26B0 /* MovieAppTests */ = {
			isa = PBXGroup;
			children = (
				F0EDB486235E37EB00BA26B0 /* MovieAppTests.swift */,
				F0EDB488235E37EB00BA26B0 /* Info.plist */,
			);
			path = MovieAppTests;
			sourceTree = "<group>";
		};
		F0EDB490235E37EB00BA26B0 /* MovieAppUITests */ = {
			isa = PBXGroup;
			children = (
				F0EDB491235E37EB00BA26B0 /* MovieAppUITests.swift */,
				F0EDB493235E37EB00BA26B0 /* Info.plist */,
			);
			path = MovieAppUITests;
			sourceTree = "<group>";
		};
/* End PBXGroup section */

/* Begin PBXNativeTarget section */
		F0EDB46B235E37E900BA26B0 /* MovieApp */ = {
			isa = PBXNativeTarget;
			buildConfigurationList = F0EDB496235E37EB00BA26B0 /* Build configuration list for PBXNativeTarget "MovieApp" */;
			buildPhases = (
				F0EDB468235E37E900BA26B0 /* Sources */,
				F0EDB469235E37E900BA26B0 /* Frameworks */,
				F0EDB46A235E37E900BA26B0 /* Resources */,
			);
			buildRules = (
			);
			dependencies = (
			);
			name = MovieApp;
			productName = MovieApp;
			productReference = F0EDB46C235E37E900BA26B0 /* MovieApp.app */;
			productType = "com.apple.product-type.application";
		};
		F0EDB481235E37EB00BA26B0 /* MovieAppTests */ = {
			isa = PBXNativeTarget;
			buildConfigurationList = F0EDB499235E37EB00BA26B0 /* Build configuration list for PBXNativeTarget "MovieAppTests" */;
			buildPhases = (
				F0EDB47E235E37EB00BA26B0 /* Sources */,
				F0EDB47F235E37EB00BA26B0 /* Frameworks */,
				F0EDB480235E37EB00BA26B0 /* Resources */,
			);
			buildRules = (
			);
			dependencies = (
				F0EDB484235E37EB00BA26B0 /* PBXTargetDependency */,
			);
			name = MovieAppTests;
			productName = MovieAppTests;
			productReference = F0EDB482235E37EB00BA26B0 /* MovieAppTests.xctest */;
			productType = "com.apple.product-type.bundle.unit-test";
		};
		F0EDB48C235E37EB00BA26B0 /* MovieAppUITests */ = {
			isa = PBXNativeTarget;
			buildConfigurationList = F0EDB49C235E37EB00BA26B0 /* Build configuration list for PBXNativeTarget "MovieAppUITests" */;
			buildPhases = (
				F0EDB489235E37EB00BA26B0 /* Sources */,
				F0EDB48A235E37EB00BA26B0 /* Frameworks */,
				F0EDB48B235E37EB00BA26B0 /* Resources */,
			);
			buildRules = (
			);
			dependencies = (
				F0EDB48F235E37EB00BA26B0 /* PBXTargetDependency */,
			);
			name = MovieAppUITests;
			productName = MovieAppUITests;
			productReference = F0EDB48D235E37EB00BA26B0 /* MovieAppUITests.xctest */;
			productType = "com.apple.product-type.bundle.ui-testing";
		};
/* End PBXNativeTarget section */

/* Begin PBXProject section */
		F0EDB464235E37E900BA26B0 /* Project object */ = {
			isa = PBXProject;
			attributes = {
				LastSwiftUpdateCheck = 1110;
				LastUpgradeCheck = 1110;
				ORGANIZATIONNAME = Test;
				TargetAttributes = {
					F0EDB46B235E37E900BA26B0 = {
						CreatedOnToolsVersion = 11.1;
					};
					F0EDB481235E37EB00BA26B0 = {
						CreatedOnToolsVersion = 11.1;
						TestTargetID = F0EDB46B235E37E900BA26B0;
					};
					F0EDB48C235E37EB00BA26B0 = {
						CreatedOnToolsVersion = 11.1;
						TestTargetID = F0EDB46B235E37E900BA26B0;
					};
				};
			};
			buildConfigurationList = F0EDB467235E37E900BA26B0 /* Build configuration list for PBXProject "MovieApp" */;
			compatibilityVersion = "Xcode 9.3";
			developmentRegion = en;
			hasScannedForEncodings = 0;
			knownRegions = (
				en,
				Base,
			);
			mainGroup = F0EDB463235E37E900BA26B0;
			productRefGroup = F0EDB46D235E37E900BA26B0 /* Products */;
			projectDirPath = "";
			projectRoot = "";
			targets = (
				F0EDB46B235E37E900BA26B0 /* MovieApp */,
				F0EDB481235E37EB00BA26B0 /* MovieAppTests */,
				F0EDB48C235E37EB00BA26B0 /* MovieAppUITests */,
			);
		};
/* End PBXProject section */

/* Begin PBXResourcesBuildPhase section */
		F0EDB46A235E37E900BA26B0 /* Resources */ = {
			isa = PBXResourcesBuildPhase;
			buildActionMask = 2147483647;
			files = (
				F0EDB47C235E37EB00BA26B0 /* LaunchScreen.storyboard in Resources */,
				F0EDB479235E37EB00BA26B0 /* Assets.xcassets in Resources */,
				F0EDB477235E37E900BA26B0 /* Main.storyboard in Resources */,
			);
			runOnlyForDeploymentPostprocessing = 0;
		};
		F0EDB480235E37EB00BA26B0 /* Resources */ = {
			isa = PBXResourcesBuildPhase;
			buildActionMask = 2147483647;
			files = (
			);
			runOnlyForDeploymentPostprocessing = 0;
		};
		F0EDB48B235E37EB00BA26B0 /* Resources */ = {
			isa = PBXResourcesBuildPhase;
			buildActionMask = 2147483647;
			files = (
			);
			runOnlyForDeploymentPostprocessing = 0;
		};
/* End PBXResourcesBuildPhase section */

/* Begin PBXSourcesBuildPhase section */
		F0EDB468235E37E900BA26B0 /* Sources */ = {
			isa = PBXSourcesBuildPhase;
			buildActionMask = 2147483647;
			files = (
				F0EDB474235E37E900BA26B0 /* ViewController.swift in Sources */,
				F0EDB470235E37E900BA26B0 /* AppDelegate.swift in Sources */,
				F0EDB472235E37E900BA26B0 /* SceneDelegate.swift in Sources */,
			);
			runOnlyForDeploymentPostprocessing = 0;
		};
		F0EDB47E235E37EB00BA26B0 /* Sources */ = {
			isa = PBXSourcesBuildPhase;
			buildActionMask = 2147483647;
			files = (
				F0EDB487235E37EB00BA26B0 /* MovieAppTests.swift in Sources */,
			);
			runOnlyForDeploymentPostprocessing = 0;
		};
		F0EDB489235E37EB00BA26B0 /* Sources */ = {
			isa = PBXSourcesBuildPhase;
			buildActionMask = 2147483647;
			files = (
				F0EDB492235E37EB00BA26B0 /* MovieAppUITests.swift in Sources */,
			);
			runOnlyForDeploymentPostprocessing = 0;
		};
/* End PBXSourcesBuildPhase section */

/* Begin PBXTargetDependency section */
		F0EDB484235E37EB00BA26B0 /* PBXTargetDependency */ = {
			isa = PBXTargetDependency;
			target = F0EDB46B235E37E900BA26B0 /* MovieApp */;
			targetProxy = F0EDB483235E37EB00BA26B0 /* PBXContainerItemProxy */;
		};
		F0EDB48F235E37EB00BA26B0 /* PBXTargetDependency */ = {
			isa = PBXTargetDependency;
			target = F0EDB46B235E37E900BA26B0 /* MovieApp */;
			targetProxy = F0EDB48E235E37EB00BA26B0 /* PBXContainerItemProxy */;
		};
/* End PBXTargetDependency section */

/* Begin PBXVariantGroup section */
		F0EDB475235E37E900BA26B0 /* Main.storyboard */ = {
			isa = PBXVariantGroup;
			children = (
				F0EDB476235E37E900BA26B0 /* Base */,
			);
			name = Main.storyboard;
			sourceTree = "<group>";
		};
		F0EDB47A235E37EB00BA26B0 /* LaunchScreen.storyboard */ = {
			isa = PBXVariantGroup;
			children = (
				F0EDB47B235E37EB00BA26B0 /* Base */,
			);
			name = LaunchScreen.storyboard;
			sourceTree = "<group>";
		};
/* End PBXVariantGroup section */

/* Begin XCBuildConfiguration section */
		F0EDB494235E37EB00BA26B0 /* Debug */ = {
			isa = XCBuildConfiguration;
			buildSettings = {
				ALWAYS_SEARCH_USER_PATHS = NO;
				CLANG_ANALYZER_NONNULL = YES;
				CLANG_ANALYZER_NUMBER_OBJECT_CONVERSION = YES_AGGRESSIVE;
				CLANG_CXX_LANGUAGE_STANDARD = "gnu++14";
				CLANG_CXX_LIBRARY = "libc++";
				CLANG_ENABLE_MODULES = YES;
				CLANG_ENABLE_OBJC_ARC = YES;
				CLANG_ENABLE_OBJC_WEAK = YES;
				CLANG_WARN_BLOCK_CAPTURE_AUTORELEASING = YES;
				CLANG_WARN_BOOL_CONVERSION = YES;
				CLANG_WARN_COMMA = YES;
				CLANG_WARN_CONSTANT_CONVERSION = YES;
				CLANG_WARN_DEPRECATED_OBJC_IMPLEMENTATIONS = YES;
				CLANG_WARN_DIRECT_OBJC_ISA_USAGE = YES_ERROR;
				CLANG_WARN_DOCUMENTATION_COMMENTS = YES;
				CLANG_WARN_EMPTY_BODY = YES;
				CLANG_WARN_ENUM_CONVERSION = YES;
				CLANG_WARN_INFINITE_RECURSION = YES;
				CLANG_WARN_INT_CONVERSION = YES;
				CLANG_WARN_NON_LITERAL_NULL_CONVERSION = YES;
				CLANG_WARN_OBJC_IMPLICIT_RETAIN_SELF = YES;
				CLANG_WARN_OBJC_LITERAL_CONVERSION = YES;
				CLANG_WARN_OBJC_ROOT_CLASS = YES_ERROR;
				CLANG_WARN_RANGE_LOOP_ANALYSIS = YES;
				CLANG_WARN_STRICT_PROTOTYPES = YES;
				CLANG_WARN_SUSPICIOUS_MOVE = YES;
				CLANG_WARN_UNGUARDED_AVAILABILITY = YES_AGGRESSIVE;
				CLANG_WARN_UNREACHABLE_CODE = YES;
				CLANG_WARN__DUPLICATE_METHOD_MATCH = YES;
				COPY_PHASE_STRIP = NO;
				DEBUG_INFORMATION_FORMAT = dwarf;
				ENABLE_STRICT_OBJC_MSGSEND = YES;
				ENABLE_TESTABILITY = YES;
				GCC_C_LANGUAGE_STANDARD = gnu11;
				GCC_DYNAMIC_NO_PIC = NO;
				GCC_NO_COMMON_BLOCKS = YES;
				GCC_OPTIMIZATION_LEVEL = 0;
				GCC_PREPROCESSOR_DEFINITIONS = (
					"DEBUG=1",
					"$(inherited)",
				);
				GCC_WARN_64_TO_32_BIT_CONVERSION = YES;
				GCC_WARN_ABOUT_RETURN_TYPE = YES_ERROR;
				GCC_WARN_UNDECLARED_SELECTOR = YES;
				GCC_WARN_UNINITIALIZED_AUTOS = YES_AGGRESSIVE;
				GCC_WARN_UNUSED_FUNCTION = YES;
				GCC_WARN_UNUSED_VARIABLE = YES;
				IPHONEOS_DEPLOYMENT_TARGET = 13.1;
				MTL_ENABLE_DEBUG_INFO = INCLUDE_SOURCE;
				MTL_FAST_MATH = YES;
				ONLY_ACTIVE_ARCH = YES;
				SDKROOT = iphoneos;
				SWIFT_ACTIVE_COMPILATION_CONDITIONS = DEBUG;
				SWIFT_OPTIMIZATION_LEVEL = "-Onone";
			};
			name = Debug;
		};
		F0EDB495235E37EB00BA26B0 /* Release */ = {
			isa = XCBuildConfiguration;
			buildSettings = {
				ALWAYS_SEARCH_USER_PATHS = NO;
				CLANG_ANALYZER_NONNULL = YES;
				CLANG_ANALYZER_NUMBER_OBJECT_CONVERSION = YES_AGGRESSIVE;
				CLANG_CXX_LANGUAGE_STANDARD = "gnu++14";
				CLANG_CXX_LIBRARY = "libc++";
				CLANG_ENABLE_MODULES = YES;
				CLANG_ENABLE_OBJC_ARC = YES;
				CLANG_ENABLE_OBJC_WEAK = YES;
				CLANG_WARN_BLOCK_CAPTURE_AUTORELEASING = YES;
				CLANG_WARN_BOOL_CONVERSION = YES;
				CLANG_WARN_COMMA = YES;
				CLANG_WARN_CONSTANT_CONVERSION = YES;
				CLANG_WARN_DEPRECATED_OBJC_IMPLEMENTATIONS = YES;
				CLANG_WARN_DIRECT_OBJC_ISA_USAGE = YES_ERROR;
				CLANG_WARN_DOCUMENTATION_COMMENTS = YES;
				CLANG_WARN_EMPTY_BODY = YES;
				CLANG_WARN_ENUM_CONVERSION = YES;
				CLANG_WARN_INFINITE_RECURSION = YES;
				CLANG_WARN_INT_CONVERSION = YES;
				CLANG_WARN_NON_LITERAL_NULL_CONVERSION = YES;
				CLANG_WARN_OBJC_IMPLICIT_RETAIN_SELF = YES;
				CLANG_WARN_OBJC_LITERAL_CONVERSION = YES;
				CLANG_WARN_OBJC_ROOT_CLASS = YES_ERROR;
				CLANG_WARN_RANGE_LOOP_ANALYSIS = YES;
				CLANG_WARN_STRICT_PROTOTYPES = YES;
				CLANG_WARN_SUSPICIOUS_MOVE = YES;
				CLANG_WARN_UNGUARDED_AVAILABILITY = YES_AGGRESSIVE;
				CLANG_WARN_UNREACHABLE_CODE = YES;
				CLANG_WARN__DUPLICATE_METHOD_MATCH = YES;
				COPY_PHASE_STRIP = NO;
				DEBUG_INFORMATION_FORMAT = "dwarf-with-dsym";
				ENABLE_NS_ASSERTIONS = NO;
				ENABLE_STRICT_OBJC_MSGSEND = YES;
				GCC_C_LANGUAGE_STANDARD = gnu11;
				GCC_NO_COMMON_BLOCKS = YES;
				GCC_WARN_64_TO_32_BIT_CONVERSION = YES;
				GCC_WARN_ABOUT_RETURN_TYPE = YES_ERROR;
				GCC_WARN_UNDECLARED_SELECTOR = YES;
				GCC_WARN_UNINITIALIZED_AUTOS = YES_AGGRESSIVE;
				GCC_WARN_UNUSED_FUNCTION = YES;
				GCC_WARN_UNUSED_VARIABLE = YES;
				IPHONEOS_DEPLOYMENT_TARGET = 13.1;
				MTL_ENABLE_DEBUG_INFO = NO;
				MTL_FAST_MATH = YES;
				SDKROOT = iphoneos;
				SWIFT_COMPILATION_MODE = wholemodule;
				SWIFT_OPTIMIZATION_LEVEL = "-O";
				VALIDATE_PRODUCT = YES;
			};
			name = Release;
		};
		F0EDB497235E37EB00BA26B0 /* Debug */ = {
			isa = XCBuildConfiguration;
			buildSettings = {
				ASSETCATALOG_COMPILER_APPICON_NAME = AppIcon;
				CODE_SIGN_STYLE = Automatic;
				DEVELOPMENT_TEAM = L9T32S589G;
				INFOPLIST_FILE = MovieApp/Info.plist;
				LD_RUNPATH_SEARCH_PATHS = (
					"$(inherited)",
					"@executable_path/Frameworks",
				);
				PRODUCT_BUNDLE_IDENTIFIER = com.test.iosapp.MovieApp;
				PRODUCT_NAME = "$(TARGET_NAME)";
				SWIFT_VERSION = 5.0;
				TARGETED_DEVICE_FAMILY = "1,2";
			};
			name = Debug;
		};
		F0EDB498235E37EB00BA26B0 /* Release */ = {
			isa = XCBuildConfiguration;
			buildSettings = {
				ASSETCATALOG_COMPILER_APPICON_NAME = AppIcon;
				CODE_SIGN_STYLE = Automatic;
				DEVELOPMENT_TEAM = L9T32S589G;
				INFOPLIST_FILE = MovieApp/Info.plist;
				LD_RUNPATH_SEARCH_PATHS = (
					"$(inherited)",
					"@executable_path/Frameworks",
				);
				PRODUCT_BUNDLE_IDENTIFIER = com.test.iosapp.MovieApp;
				PRODUCT_NAME = "$(TARGET_NAME)";
				SWIFT_VERSION = 5.0;
				TARGETED_DEVICE_FAMILY = "1,2";
			};
			name = Release;
		};
		F0EDB49A235E37EB00BA26B0 /* Debug */ = {
			isa = XCBuildConfiguration;
			buildSettings = {
				ALWAYS_EMBED_SWIFT_STANDARD_LIBRARIES = YES;
				BUNDLE_LOADER = "$(TEST_HOST)";
				CODE_SIGN_STYLE = Automatic;
				DEVELOPMENT_TEAM = L9T32S589G;
				INFOPLIST_FILE = MovieAppTests/Info.plist;
				IPHONEOS_DEPLOYMENT_TARGET = 13.1;
				LD_RUNPATH_SEARCH_PATHS = (
					"$(inherited)",
					"@executable_path/Frameworks",
					"@loader_path/Frameworks",
				);
				PRODUCT_BUNDLE_IDENTIFIER = com.test.iosapp.MovieAppTests;
				PRODUCT_NAME = "$(TARGET_NAME)";
				SWIFT_VERSION = 5.0;
				TARGETED_DEVICE_FAMILY = "1,2";
				TEST_HOST = "$(BUILT_PRODUCTS_DIR)/MovieApp.app/MovieApp";
			};
			name = Debug;
		};
		F0EDB49B235E37EB00BA26B0 /* Release */ = {
			isa = XCBuildConfiguration;
			buildSettings = {
				ALWAYS_EMBED_SWIFT_STANDARD_LIBRARIES = YES;
				BUNDLE_LOADER = "$(TEST_HOST)";
				CODE_SIGN_STYLE = Automatic;
				DEVELOPMENT_TEAM = L9T32S589G;
				INFOPLIST_FILE = MovieAppTests/Info.plist;
				IPHONEOS_DEPLOYMENT_TARGET = 13.1;
				LD_RUNPATH_SEARCH_PATHS = (
					"$(inherited)",
					"@executable_path/Frameworks",
					"@loader_path/Frameworks",
				);
				PRODUCT_BUNDLE_IDENTIFIER = com.test.iosapp.MovieAppTests;
				PRODUCT_NAME = "$(TARGET_NAME)";
				SWIFT_VERSION = 5.0;
				TARGETED_DEVICE_FAMILY = "1,2";
				TEST_HOST = "$(BUILT_PRODUCTS_DIR)/MovieApp.app/MovieApp";
			};
			name = Release;
		};
		F0EDB49D235E37EB00BA26B0 /* Debug */ = {
			isa = XCBuildConfiguration;
			buildSettings = {
				ALWAYS_EMBED_SWIFT_STANDARD_LIBRARIES = YES;
				CODE_SIGN_STYLE = Automatic;
				DEVELOPMENT_TEAM = L9T32S589G;
				INFOPLIST_FILE = MovieAppUITests/Info.plist;
				LD_RUNPATH_SEARCH_PATHS = (
					"$(inherited)",
					"@executable_path/Frameworks",
					"@loader_path/Frameworks",
				);
				PRODUCT_BUNDLE_IDENTIFIER = com.test.iosapp.MovieAppUITests;
				PRODUCT_NAME = "$(TARGET_NAME)";
				SWIFT_VERSION = 5.0;
				TARGETED_DEVICE_FAMILY = "1,2";
				TEST_TARGET_NAME = MovieApp;
			};
			name = Debug;
		};
		F0EDB49E235E37EB00BA26B0 /* Release */ = {
			isa = XCBuildConfiguration;
			buildSettings = {
				ALWAYS_EMBED_SWIFT_STANDARD_LIBRARIES = YES;
				CODE_SIGN_STYLE = Automatic;
				DEVELOPMENT_TEAM = L9T32S589G;
				INFOPLIST_FILE = MovieAppUITests/Info.plist;
				LD_RUNPATH_SEARCH_PATHS = (
					"$(inherited)",
					"@executable_path/Frameworks",
					"@loader_path/Frameworks",
				);
				PRODUCT_BUNDLE_IDENTIFIER = com.test.iosapp.MovieAppUITests;
				PRODUCT_NAME = "$(TARGET_NAME)";
				SWIFT_VERSION = 5.0;
				TARGETED_DEVICE_FAMILY = "1,2";
				TEST_TARGET_NAME = MovieApp;
			};
			name = Release;
		};
/* End XCBuildConfiguration section */

/* Begin XCConfigurationList section */
		F0EDB467235E37E900BA26B0 /* Build configuration list for PBXProject "MovieApp" */ = {
			isa = XCConfigurationList;
			buildConfigurations = (
				F0EDB494235E37EB00BA26B0 /* Debug */,
				F0EDB495235E37EB00BA26B0 /* Release */,
			);
			defaultConfigurationIsVisible = 0;
			defaultConfigurationName = Release;
		};
		F0EDB496235E37EB00BA26B0 /* Build configuration list for PBXNativeTarget "MovieApp" */ = {
			isa = XCConfigurationList;
			buildConfigurations = (
				F0EDB497235E37EB00BA26B0 /* Debug */,
				F0EDB498235E37EB00BA26B0 /* Release */,
			);
			defaultConfigurationIsVisible = 0;
			defaultConfigurationName = Release;
		};
		F0EDB499235E37EB00BA26B0 /* Build configuration list for PBXNativeTarget "MovieAppTests" */ = {
			isa = XCConfigurationList;
			buildConfigurations = (
				F0EDB49A235E37EB00BA26B0 /* Debug */,
				F0EDB49B235E37EB00BA26B0 /* Release */,
			);
			defaultConfigurationIsVisible = 0;
			defaultConfigurationName = Release;
		};
		F0EDB49C235E37EB00BA26B0 /* Build configuration list for PBXNativeTarget "MovieAppUITests" */ = {
			isa = XCConfigurationList;
			buildConfigurations = (
				F0EDB49D235E37EB00BA26B0 /* Debug */,
				F0EDB49E235E37EB00BA26B0 /* Release */,
			);
			defaultConfigurationIsVisible = 0;
			defaultConfigurationName = Release;
		};
/* End XCConfigurationList section */
	};
	rootObject = F0EDB464235E37E900BA26B0 /* Project object */;
}
